<?xml version="1.0" encoding="utf-8"?>
<Project ToolsVersion="4.0" xmlns="http://schemas.microsoft.com/developer/msbuild/2003">
  <ItemGroup>
    <Filter Include="Resource Files">
      <UniqueIdentifier>bb3f4822-5b75-4347-80e0-a9bcb61b8db1</UniqueIdentifier>
      <Extensions>rc;ico;cur;bmp;dlg;rc2;rct;bin;rgs;gif;jpg;jpeg;jpe;resx;tiff;tif;png;wav;mfcribbon-ms</Extensions>
    </Filter>
    <Filter Include="Package">
      <UniqueIdentifier>1f9da007-a038-48d3-9ad9-1e9462eaef7b</UniqueIdentifier>
      <Extensions>appxmanifest;tile;settings</Extensions>
    </Filter>
    <Filter Include="Testable">
      <UniqueIdentifier>{d512e912-6a90-4b87-b08a-8733021752ec}</UniqueIdentifier>
    </Filter>
    <Filter Include="Mocks">
      <UniqueIdentifier>{75256941-fc4a-4330-8f41-8befae8f4a4b}</UniqueIdentifier>
    </Filter>
  </ItemGroup>
  <ItemGroup>
    <ClInclude Include="pch.h" />
    <ClInclude Include="targetver.h" />
    <ClInclude Include="..\Hilo\ImageBrowserViewModel.h">
      <Filter>Testable</Filter>
    </ClInclude>
    <ClInclude Include="..\Hilo\ImageViewModel.h">
      <Filter>Testable</Filter>
    </ClInclude>
    <ClInclude Include="..\Hilo\Common\BindableBase.h">
      <Filter>Testable</Filter>
    </ClInclude>
    <ClInclude Include="..\Hilo\PhotoReader.h">
      <Filter>Testable</Filter>
    </ClInclude>
    <ClInclude Include="TestHelper.h" />
    <ClInclude Include="..\Hilo\MainHubViewModel.h">
      <Filter>Testable</Filter>
    </ClInclude>
    <ClInclude Include="..\Hilo\RandomPhotoSelector.h">
      <Filter>Testable</Filter>
    </ClInclude>
    <ClInclude Include="..\Hilo\TileUpdateScheduler.h">
      <Filter>Testable</Filter>
    </ClInclude>
    <ClInclude Include="..\Hilo\ViewModelBase.h">
      <Filter>Testable</Filter>
    </ClInclude>
    <ClInclude Include="..\Hilo\PageType.h">
      <Filter>Testable</Filter>
    </ClInclude>
    <ClInclude Include="..\Hilo\TaskExtensions.h">
      <Filter>Testable</Filter>
    </ClInclude>
    <ClInclude Include="..\Hilo\ViewModelLocator.h">
      <Filter>Testable</Filter>
    </ClInclude>
    <ClInclude Include="..\Hilo\DelegateCommand.h">
      <Filter>Testable</Filter>
    </ClInclude>
    <ClInclude Include="..\Hilo\ImageViewData.h">
      <Filter>Testable</Filter>
    </ClInclude>
    <ClInclude Include="..\Hilo\HubPhotoGroup.h">
      <Filter>Testable</Filter>
    </ClInclude>
    <ClInclude Include="TestImageGenerator.h" />
    <ClInclude Include="..\Hilo\WideFiveImageTile.h">
      <Filter>Testable</Filter>
    </ClInclude>
    <ClInclude Include="..\Hilo\ThumbnailConverter.h">
      <Filter>Testable</Filter>
    </ClInclude>
    <ClInclude Include="..\Hilo\CropImageViewModel.h">
      <Filter>Testable</Filter>
    </ClInclude>
    <ClInclude Include="..\Hilo\ImageBase.h">
      <Filter>Testable</Filter>
    </ClInclude>
    <ClInclude Include="..\Hilo\Photo.h">
      <Filter>Testable</Filter>
    </ClInclude>
    <ClInclude Include="..\Hilo\RotateImageViewModel.h">
      <Filter>Testable</Filter>
    </ClInclude>
    <ClInclude Include="..\Hilo\MonthBlock.h">
      <Filter>Testable</Filter>
    </ClInclude>
    <ClInclude Include="..\Hilo\YearGroup.h">
      <Filter>Testable</Filter>
    </ClInclude>
    <ClInclude Include="..\Hilo\FileInformationToBitmapImageConverter.h">
      <Filter>Testable</Filter>
    </ClInclude>
    <ClInclude Include="..\Hilo\DateTimeToStringConverter.h">
      <Filter>Testable</Filter>
    </ClInclude>
    <ClInclude Include="..\Hilo\PhotoCache.h">
      <Filter>Testable</Filter>
    </ClInclude>
    <ClInclude Include="..\Hilo\ThumbnailGenerator.h">
      <Filter>Testable</Filter>
    </ClInclude>
    <ClInclude Include="..\Hilo\FileInformationToToolTipConverter.h">
      <Filter>Testable</Filter>
    </ClInclude>
    <ClInclude Include="..\Hilo\MonthGroup.h">
      <Filter>Testable</Filter>
    </ClInclude>
    <ClInclude Include="..\Hilo\IPhotoGroup.h">
      <Filter>Testable</Filter>
    </ClInclude>
    <ClInclude Include="..\Hilo\IResizable.h">
      <Filter>Testable</Filter>
    </ClInclude>
    <ClInclude Include="StubPhotoGroup.h">
      <Filter>Mocks</Filter>
    </ClInclude>
    <ClInclude Include="..\Hilo\StorageExtensions.h">
      <Filter>Testable</Filter>
    </ClInclude>
    <ClInclude Include="..\Hilo\IExceptionPolicy.h">
      <Filter>Testable</Filter>
    </ClInclude>
    <ClInclude Include="..\Hilo\DebugLoggingExceptionPolicy.h">
      <Filter>Testable</Filter>
    </ClInclude>
    <ClInclude Include="StubExceptionPolicy.h">
      <Filter>Mocks</Filter>
    </ClInclude>
    <ClInclude Include="..\Hilo\TaskExceptionsExtensions.h">
      <Filter>Testable</Filter>
    </ClInclude>
    <ClInclude Include="..\Hilo\AsyncException.h">
      <Filter>Testable</Filter>
    </ClInclude>
    <ClInclude Include="..\Hilo\ExceptionPolicyFactory.h">
      <Filter>Testable</Filter>
    </ClInclude>
    <ClInclude Include="..\Hilo\BooleanToBrushConverter.h">
      <Filter>Testable</Filter>
    </ClInclude>
  </ItemGroup>
  <ItemGroup>
    <ClCompile Include="pch.cpp" />
    <ClCompile Include="..\Hilo\ImageBrowserViewModel.cpp">
      <Filter>Testable</Filter>
    </ClCompile>
    <ClCompile Include="..\Hilo\ImageViewModel.cpp">
      <Filter>Testable</Filter>
    </ClCompile>
    <ClCompile Include="..\Hilo\Common\BindableBase.cpp">
      <Filter>Testable</Filter>
    </ClCompile>
    <ClCompile Include="ImageViewModelTests.cpp" />
    <ClCompile Include="..\Hilo\PhotoReader.cpp">
      <Filter>Testable</Filter>
    </ClCompile>
    <ClCompile Include="TestHelper.cpp" />
    <ClCompile Include="PhotoReaderTests.cpp" />
    <ClCompile Include="MainHubViewModelTests.cpp" />
    <ClCompile Include="..\Hilo\MainHubViewModel.cpp">
      <Filter>Testable</Filter>
    </ClCompile>
    <ClCompile Include="..\Hilo\RandomPhotoSelector.cpp">
      <Filter>Testable</Filter>
    </ClCompile>
    <ClCompile Include="RandomPhotoSelectorTests.cpp" />
    <ClCompile Include="..\Hilo\TileUpdateScheduler.cpp">
      <Filter>Testable</Filter>
    </ClCompile>
    <ClCompile Include="..\Hilo\ViewModelBase.cpp">
      <Filter>Testable</Filter>
    </ClCompile>
    <ClCompile Include="WideTile05Tests.cpp" />
    <ClCompile Include="..\Hilo\ImageViewData.cpp">
      <Filter>Testable</Filter>
    </ClCompile>
    <ClCompile Include="HubPhotoGroupTests.cpp" />
    <ClCompile Include="..\Hilo\HubPhotoGroup.cpp">
      <Filter>Testable</Filter>
    </ClCompile>
    <ClCompile Include="HubPhotoTests.cpp" />
    <ClCompile Include="TestImageGenerator.cpp" />
    <ClCompile Include="..\Hilo\ThumbnailGenerator.cpp" />
    <ClCompile Include="ThumbnailGeneratorTests.cpp" />
    <ClCompile Include="..\Hilo\WideFiveImageTile.cpp">
      <Filter>Testable</Filter>
    </ClCompile>
    <ClCompile Include="ThumbnailConverterTests.cpp" />
    <ClCompile Include="..\Hilo\ThumbnailConverter.cpp">
      <Filter>Testable</Filter>
    </ClCompile>
    <ClCompile Include="CropImageViewModelTests.cpp" />
    <ClCompile Include="..\Hilo\CropImageViewModel.cpp">
      <Filter>Testable</Filter>
    </ClCompile>
    <ClCompile Include="..\Hilo\ImageBase.cpp">
      <Filter>Testable</Filter>
    </ClCompile>
    <ClCompile Include="..\Hilo\Photo.cpp">
      <Filter>Testable</Filter>
    </ClCompile>
    <ClCompile Include="..\Hilo\RotateImageViewModel.cpp">
      <Filter>Testable</Filter>
    </ClCompile>
    <ClCompile Include="RotateImageViewModelTests.cpp" />
    <ClCompile Include="FileInformationToBitmapImageConverterTests.cpp" />
    <ClCompile Include="..\Hilo\FileInformationToBitmapImageConverter.cpp">
      <Filter>Testable</Filter>
    </ClCompile>
    <ClCompile Include="DateTimeToStringConverterTests.cpp" />
    <ClCompile Include="..\Hilo\DateTimeToStringConverter.cpp">
      <Filter>Testable</Filter>
    </ClCompile>
    <ClCompile Include="..\Hilo\MonthBlock.cpp">
      <Filter>Testable</Filter>
    </ClCompile>
    <ClCompile Include="..\Hilo\YearGroup.cpp">
      <Filter>Testable</Filter>
    </ClCompile>
    <ClCompile Include="FileInformationToToolTipConverterTests.cpp" />
    <ClCompile Include="..\Hilo\FileInformationToToolTipConverter.cpp">
      <Filter>Testable</Filter>
    </ClCompile>
    <ClCompile Include="..\Hilo\PhotoCache.cpp">
      <Filter>Testable</Filter>
    </ClCompile>
    <ClCompile Include="PhotoCacheTests.cpp" />
    <ClCompile Include="..\Hilo\ThumbnailGenerator.cpp">
      <Filter>Testable</Filter>
    </ClCompile>
    <ClCompile Include="..\Hilo\MonthGroup.cpp">
      <Filter>Testable</Filter>
    </ClCompile>
    <ClCompile Include="StubPhotoGroup.cpp">
      <Filter>Mocks</Filter>
    </ClCompile>
    <ClCompile Include="..\Hilo\DebugLoggingExceptionPolicy.cpp">
      <Filter>Testable</Filter>
    </ClCompile>
    <ClCompile Include="StubExceptionPolicy.cpp">
      <Filter>Mocks</Filter>
    </ClCompile>
    <ClCompile Include="..\Hilo\AsyncException.cpp">
      <Filter>Testable</Filter>
    </ClCompile>
    <ClCompile Include="AsyncExceptionTests.cpp" />
    <ClCompile Include="TaskExceptionTests.cpp" />
    <ClCompile Include="ImageViewDataTests.cpp" />
    <ClCompile Include="ImageBrowserViewModelTests.cpp" />
    <ClCompile Include="..\Hilo\DelegateCommand.cpp">
      <Filter>Testable</Filter>
    </ClCompile>
    <ClCompile Include="..\Hilo\ExceptionPolicyFactory.cpp">
      <Filter>Testable</Filter>
    </ClCompile>
    <ClCompile Include="BooleanToBrushConverterTests.cpp" />
    <ClCompile Include="..\Hilo\BooleanToBrushConverter.cpp">
      <Filter>Testable</Filter>
    </ClCompile>
  </ItemGroup>
  <ItemGroup>
    <Image Include="Images\UnitTestLogo.png">
      <Filter>Resource Files</Filter>
    </Image>
    <Image Include="Images\UnitTestSmallLogo.png">
      <Filter>Resource Files</Filter>
    </Image>
    <Image Include="Images\UnitTestSplashScreen.png">
      <Filter>Resource Files</Filter>
    </Image>
    <Image Include="Images\UnitTestStoreLogo.png">
      <Filter>Resource Files</Filter>
    </Image>
    <Image Include="Images\InvalidImageFile.jpg">
      <Filter>Resource Files</Filter>
    </Image>
  </ItemGroup>
  <ItemGroup>
    <AppxManifest Include="Package.appxmanifest">
      <Filter>Package</Filter>
    </AppxManifest>
  </ItemGroup>
  <ItemGroup>
    <None Include="HiloTests_TemporaryKey.pfx" />
  </ItemGroup>
</Project>