<?xml version="1.0" encoding="utf-8"?>
<Project ToolsVersion="4.0" xmlns="http://schemas.microsoft.com/developer/msbuild/2003">
  <ItemGroup>
    <Filter Include="Resource Files">
      <UniqueIdentifier>2c8b07ea-138f-4e15-9c40-b0d229826c42</UniqueIdentifier>
      <Extensions>rc;ico;cur;bmp;dlg;rc2;rct;bin;rgs;gif;jpg;jpeg;jpe;resx;tiff;tif;png;wav;mfcribbon-ms</Extensions>
    </Filter>
    <Filter Include="Package">
      <UniqueIdentifier>8ec021e4-7c3c-47c9-bcfc-6f16b9199153</UniqueIdentifier>
      <Extensions>appxmanifest;tile;settings</Extensions>
    </Filter>
    <Filter Include="Helpers">
      <UniqueIdentifier>{293f9e39-f923-4168-a600-75311c594d26}</UniqueIdentifier>
    </Filter>
    <Filter Include="Mocks">
      <UniqueIdentifier>{e1730bf9-7e33-4fbe-b337-2b1a825105c3}</UniqueIdentifier>
    </Filter>
    <Filter Include="Testable">
      <UniqueIdentifier>{42f95080-7297-4f13-8bea-da08387ecff2}</UniqueIdentifier>
    </Filter>
    <Filter Include="Tests">
      <UniqueIdentifier>{f323eae3-7973-4c48-ac11-831f21086e98}</UniqueIdentifier>
    </Filter>
    <Filter Include="Testable\Common">
      <UniqueIdentifier>{c9cd8dd7-510b-41bc-b188-dbc2c3551ac1}</UniqueIdentifier>
    </Filter>
  </ItemGroup>
  <ItemGroup>
    <ClInclude Include="pch.h" />
    <ClInclude Include="targetver.h" />
    <ClInclude Include="StubExceptionPolicy.h">
      <Filter>Mocks</Filter>
    </ClInclude>
    <ClInclude Include="StubPhoto.h">
      <Filter>Mocks</Filter>
    </ClInclude>
    <ClInclude Include="StubPhotoGroup.h">
      <Filter>Mocks</Filter>
    </ClInclude>
    <ClInclude Include="StubResourceLoader.h">
      <Filter>Mocks</Filter>
    </ClInclude>
    <ClInclude Include="StubYearGroup.h">
      <Filter>Mocks</Filter>
    </ClInclude>
    <ClInclude Include="..\Hilo\Common\BindableBase.h">
      <Filter>Testable\Common</Filter>
    </ClInclude>
    <ClInclude Include="..\Hilo\BooleanToBrushConverter.h">
      <Filter>Testable</Filter>
    </ClInclude>
    <ClInclude Include="..\Hilo\CropImageViewModel.h">
      <Filter>Testable</Filter>
    </ClInclude>
    <ClInclude Include="..\Hilo\DelegateCommand.h">
      <Filter>Testable</Filter>
    </ClInclude>
    <ClInclude Include="..\Hilo\ExifExtensions.h">
      <Filter>Testable</Filter>
    </ClInclude>
    <ClInclude Include="..\Hilo\FileSizeConverter.h">
      <Filter>Testable</Filter>
    </ClInclude>
    <ClInclude Include="..\Hilo\HubGroupType.h">
      <Filter>Testable</Filter>
    </ClInclude>
    <ClInclude Include="..\Hilo\HubPhotoGroup.h">
      <Filter>Testable</Filter>
    </ClInclude>
    <ClInclude Include="..\Hilo\ImageBase.h">
      <Filter>Testable</Filter>
    </ClInclude>
    <ClInclude Include="..\Hilo\ImageBrowserViewModel.h">
      <Filter>Testable</Filter>
    </ClInclude>
    <ClInclude Include="..\Hilo\ImageNavigationData.h">
      <Filter>Testable</Filter>
    </ClInclude>
    <ClInclude Include="..\Hilo\ImageViewModel.h">
      <Filter>Testable</Filter>
    </ClInclude>
    <ClInclude Include="..\Hilo\IPhoto.h">
      <Filter>Testable</Filter>
    </ClInclude>
    <ClInclude Include="..\Hilo\IPhotoGroup.h">
      <Filter>Testable</Filter>
    </ClInclude>
    <ClInclude Include="..\Hilo\IResizable.h">
      <Filter>Testable</Filter>
    </ClInclude>
    <ClInclude Include="..\Hilo\IResourceLoader.h">
      <Filter>Testable</Filter>
    </ClInclude>
    <ClInclude Include="..\Hilo\LocalResourceLoader.h">
      <Filter>Testable</Filter>
    </ClInclude>
    <ClInclude Include="..\Hilo\MainHubViewModel.h">
      <Filter>Testable</Filter>
    </ClInclude>
    <ClInclude Include="..\Hilo\MonthBlock.h">
      <Filter>Testable</Filter>
    </ClInclude>
    <ClInclude Include="..\Hilo\MonthGroup.h">
      <Filter>Testable</Filter>
    </ClInclude>
    <ClInclude Include="..\Hilo\ObservableQuery.h">
      <Filter>Testable</Filter>
    </ClInclude>
    <ClInclude Include="..\Hilo\Photo.h">
      <Filter>Testable</Filter>
    </ClInclude>
    <ClInclude Include="..\Hilo\PhotoCache.h">
      <Filter>Testable</Filter>
    </ClInclude>
    <ClInclude Include="..\Hilo\PhotoPathComparer.h">
      <Filter>Testable</Filter>
    </ClInclude>
    <ClInclude Include="..\Hilo\QueryChange.h">
      <Filter>Testable</Filter>
    </ClInclude>
    <ClInclude Include="..\Hilo\RandomPhotoSelector.h">
      <Filter>Testable</Filter>
    </ClInclude>
    <ClInclude Include="..\Hilo\RotateImageViewModel.h">
      <Filter>Testable</Filter>
    </ClInclude>
    <ClInclude Include="..\Hilo\ThumbnailGenerator.h">
      <Filter>Testable</Filter>
    </ClInclude>
    <ClInclude Include="..\Hilo\ViewModelBase.h">
      <Filter>Testable</Filter>
    </ClInclude>
    <ClInclude Include="..\Hilo\WideFiveImageTile.h">
      <Filter>Testable</Filter>
    </ClInclude>
    <ClInclude Include="..\Hilo\YearGroup.h">
      <Filter>Testable</Filter>
    </ClInclude>
    <ClInclude Include="TestHelper.h">
      <Filter>Helpers</Filter>
    </ClInclude>
    <ClInclude Include="TestImageGenerator.h">
      <Filter>Helpers</Filter>
    </ClInclude>
    <ClInclude Include="UnitTestingAssertSpecializations.h">
      <Filter>Helpers</Filter>
    </ClInclude>
    <ClInclude Include="..\Hilo\CartoonizeImageViewModel.h">
      <Filter>Testable</Filter>
    </ClInclude>
    <ClInclude Include="..\Hilo\ImageUtilities.h">
      <Filter>Testable</Filter>
    </ClInclude>
    <ClInclude Include="StubRepository.h">
      <Filter>Mocks</Filter>
    </ClInclude>
    <ClInclude Include="..\Hilo\PageType.h">
      <Filter>Testable</Filter>
    </ClInclude>
    <ClInclude Include="..\Hilo\CalendarExtensions.h">
      <Filter>Testable</Filter>
    </ClInclude>
    <ClInclude Include="StubPhotoImage.h" />
  </ItemGroup>
  <ItemGroup>
    <Image Include="Images\UnitTestLogo.png">
      <Filter>Resource Files</Filter>
    </Image>
    <Image Include="Images\UnitTestSmallLogo.png">
      <Filter>Resource Files</Filter>
    </Image>
    <Image Include="Images\UnitTestSplashScreen.png">
      <Filter>Resource Files</Filter>
    </Image>
    <Image Include="Images\UnitTestStoreLogo.png">
      <Filter>Resource Files</Filter>
    </Image>
    <Image Include="Images\InvalidImageFile.jpg">
      <Filter>Resource Files</Filter>
    </Image>
  </ItemGroup>
  <ItemGroup>
    <AppxManifest Include="Package.appxmanifest">
      <Filter>Package</Filter>
    </AppxManifest>
  </ItemGroup>
  <ItemGroup>
    <ClCompile Include="pch.cpp" />
    <ClCompile Include="BooleanToBrushConverterTests.cpp">
      <Filter>Tests</Filter>
    </ClCompile>
    <ClCompile Include="CropImageViewModelTests.cpp">
      <Filter>Tests</Filter>
    </ClCompile>
    <ClCompile Include="ExifExtensionTests.cpp">
      <Filter>Tests</Filter>
    </ClCompile>
    <ClCompile Include="FileSizeConverterTests.cpp">
      <Filter>Tests</Filter>
    </ClCompile>
    <ClCompile Include="HubPhotoGroupTests.cpp">
      <Filter>Tests</Filter>
    </ClCompile>
    <ClCompile Include="ImageBrowserViewModelTests.cpp">
      <Filter>Tests</Filter>
    </ClCompile>
    <ClCompile Include="ImageViewDataTests.cpp">
      <Filter>Tests</Filter>
    </ClCompile>
    <ClCompile Include="ImageViewModelTests.cpp">
      <Filter>Tests</Filter>
    </ClCompile>
    <ClCompile Include="MainHubViewModelTests.cpp">
      <Filter>Tests</Filter>
    </ClCompile>
    <ClCompile Include="MonthBlockTests.cpp">
      <Filter>Tests</Filter>
    </ClCompile>
    <ClCompile Include="MonthGroupTests.cpp">
      <Filter>Tests</Filter>
    </ClCompile>
    <ClCompile Include="PhotoCacheTests.cpp">
      <Filter>Tests</Filter>
    </ClCompile>
    <ClCompile Include="PhotoTests.cpp">
      <Filter>Tests</Filter>
    </ClCompile>
    <ClCompile Include="RandomPhotoSelectorTests.cpp">
      <Filter>Tests</Filter>
    </ClCompile>
    <ClCompile Include="RotateImageViewModelTests.cpp">
      <Filter>Tests</Filter>
    </ClCompile>
    <ClCompile Include="TaskExceptionTests.cpp">
      <Filter>Tests</Filter>
    </ClCompile>
    <ClCompile Include="WideTile05Tests.cpp">
      <Filter>Tests</Filter>
    </ClCompile>
    <ClCompile Include="YearGroupTests.cpp">
      <Filter>Tests</Filter>
    </ClCompile>
    <ClCompile Include="StubExceptionPolicy.cpp">
      <Filter>Mocks</Filter>
    </ClCompile>
    <ClCompile Include="StubPhoto.cpp">
      <Filter>Mocks</Filter>
    </ClCompile>
    <ClCompile Include="StubPhotoGroup.cpp">
      <Filter>Mocks</Filter>
    </ClCompile>
    <ClCompile Include="StubResourceLoader.cpp">
      <Filter>Mocks</Filter>
    </ClCompile>
    <ClCompile Include="StubYearGroup.cpp">
      <Filter>Mocks</Filter>
    </ClCompile>
    <ClCompile Include="..\Hilo\Common\BindableBase.cpp">
      <Filter>Testable\Common</Filter>
    </ClCompile>
    <ClCompile Include="..\Hilo\BooleanToBrushConverter.cpp">
      <Filter>Testable</Filter>
    </ClCompile>
    <ClCompile Include="..\Hilo\CropImageViewModel.cpp">
      <Filter>Testable</Filter>
    </ClCompile>
    <ClCompile Include="..\Hilo\DelegateCommand.cpp">
      <Filter>Testable</Filter>
    </ClCompile>
    <ClCompile Include="..\Hilo\ExifExtensions.cpp">
      <Filter>Testable</Filter>
    </ClCompile>
    <ClCompile Include="..\Hilo\FileSizeConverter.cpp">
      <Filter>Testable</Filter>
    </ClCompile>
    <ClCompile Include="..\Hilo\HubPhotoGroup.cpp">
      <Filter>Testable</Filter>
    </ClCompile>
    <ClCompile Include="..\Hilo\ImageBase.cpp">
      <Filter>Testable</Filter>
    </ClCompile>
    <ClCompile Include="..\Hilo\ImageBrowserViewModel.cpp">
      <Filter>Testable</Filter>
    </ClCompile>
    <ClCompile Include="..\Hilo\ImageNavigationData.cpp">
      <Filter>Testable</Filter>
    </ClCompile>
    <ClCompile Include="..\Hilo\ImageViewModel.cpp">
      <Filter>Testable</Filter>
    </ClCompile>
    <ClCompile Include="..\Hilo\LocalResourceLoader.cpp">
      <Filter>Testable</Filter>
    </ClCompile>
    <ClCompile Include="..\Hilo\MainHubViewModel.cpp">
      <Filter>Testable</Filter>
    </ClCompile>
    <ClCompile Include="..\Hilo\MonthBlock.cpp">
      <Filter>Testable</Filter>
    </ClCompile>
    <ClCompile Include="..\Hilo\MonthGroup.cpp">
      <Filter>Testable</Filter>
    </ClCompile>
    <ClCompile Include="..\Hilo\Photo.cpp">
      <Filter>Testable</Filter>
    </ClCompile>
    <ClCompile Include="..\Hilo\PhotoCache.cpp">
      <Filter>Testable</Filter>
    </ClCompile>
    <ClCompile Include="..\Hilo\PhotoPathComparer.cpp">
      <Filter>Testable</Filter>
    </ClCompile>
    <ClCompile Include="..\Hilo\RandomPhotoSelector.cpp">
      <Filter>Testable</Filter>
    </ClCompile>
    <ClCompile Include="..\Hilo\RotateImageViewModel.cpp">
      <Filter>Testable</Filter>
    </ClCompile>
    <ClCompile Include="..\Hilo\ThumbnailGenerator.cpp">
      <Filter>Testable</Filter>
    </ClCompile>
    <ClCompile Include="..\Hilo\ViewModelBase.cpp">
      <Filter>Testable</Filter>
    </ClCompile>
    <ClCompile Include="..\Hilo\WideFiveImageTile.cpp">
      <Filter>Testable</Filter>
    </ClCompile>
    <ClCompile Include="..\Hilo\YearGroup.cpp">
      <Filter>Testable</Filter>
    </ClCompile>
    <ClCompile Include="..\Hilo\TaskExtensions.cpp">
      <Filter>Testable</Filter>
    </ClCompile>
    <ClCompile Include="TestHelper.cpp">
      <Filter>Helpers</Filter>
    </ClCompile>
    <ClCompile Include="TestImageGenerator.cpp">
      <Filter>Helpers</Filter>
    </ClCompile>
    <ClCompile Include="ThumbnailGeneratorTests.cpp">
      <Filter>Tests</Filter>
    </ClCompile>
    <ClCompile Include="CartoonizeImageViewModelTests.cpp">
      <Filter>Tests</Filter>
    </ClCompile>
    <ClCompile Include="..\Hilo\CartoonizeImageViewModel.cpp">
      <Filter>Testable</Filter>
    </ClCompile>
    <ClCompile Include="..\Hilo\ImageUtilities.cpp">
      <Filter>Testable</Filter>
    </ClCompile>
    <ClCompile Include="StubRepository.cpp">
      <Filter>Mocks</Filter>
    </ClCompile>
    <ClCompile Include="..\Hilo\CalendarExtensions.cpp">
      <Filter>Testable</Filter>
    </ClCompile>
    <ClCompile Include="StubPhotoImage.cpp" />
    <ClCompile Include="..\Hilo\PhotoImage.cpp" />
  </ItemGroup>
</Project>